
Microsoft Visual Studio Solution File, Format Version 12.00
# Visual Studio 15
VisualStudioVersion = 15.0.28010.2041
MinimumVisualStudioVersion = 10.0.40219.1
Project("{FAE04EC0-301F-11D3-BF4B-00C04F79EFBC}") = "HouseCertHelper", "HouseCertHelper\HouseCertHelper.csproj", "{57255C70-6F4D-4F8C-B332-A95EE527BBCF}"
EndProject
Global
	GlobalSection(SolutionConfigurationPlatforms) = preSolution
		Debug|Any CPU = Debug|Any CPU
		Release|Any CPU = Release|Any CPU
	EndGlobalSection
	GlobalSection(ProjectConfigurationPlatforms) = postSolution
		{57255C70-6F4D-4F8C-B332-A95EE527BBCF}.Debug|Any CPU.ActiveCfg = Debug|Any CPU
		{57255C70-6F4D-4F8C-B332-A95EE527BBCF}.Debug|Any CPU.Build.0 = Debug|Any CPU
		{57255C70-6F4D-4F8C-B332-A95EE527BBCF}.Release|Any CPU.ActiveCfg = Release|Any CPU
		{57255C70-6F4D-4F8C-B332-A95EE527BBCF}.Release|Any CPU.Build.0 = Release|Any CPU
	EndGlobalSection
	GlobalSection(SolutionProperties) = preSolution
		HideSolutionNode = FALSE
	EndGlobalSection
	GlobalSection(ExtensibilityGlobals) = postSolution
		SolutionGuid = {29DB20A6-2F7C-42DD-B2F8-23A61D7E4320}
	EndGlobalSection
EndGlobal
